// !$*UTF8*$!
{
	archiveVersion = 1;
	classes = {
	};
	objectVersion = 46;
	objects = {

/* Begin PBXBuildFile section */
		6CCCEFD81B5EC1750052FFF4 /* AppDelegate.swift in Sources */ = {isa = PBXBuildFile; fileRef = 6CCCEFD71B5EC1750052FFF4 /* AppDelegate.swift */; };
		6CCCEFDA1B5EC1750052FFF4 /* ViewController.swift in Sources */ = {isa = PBXBuildFile; fileRef = 6CCCEFD91B5EC1750052FFF4 /* ViewController.swift */; };
		6CCCEFDD1B5EC1750052FFF4 /* Main.storyboard in Resources */ = {isa = PBXBuildFile; fileRef = 6CCCEFDB1B5EC1750052FFF4 /* Main.storyboard */; };
		6CCCEFDF1B5EC1750052FFF4 /* Images.xcassets in Resources */ = {isa = PBXBuildFile; fileRef = 6CCCEFDE1B5EC1750052FFF4 /* Images.xcassets */; };
		6CCCEFE21B5EC1750052FFF4 /* LaunchScreen.xib in Resources */ = {isa = PBXBuildFile; fileRef = 6CCCEFE01B5EC1750052FFF4 /* LaunchScreen.xib */; };
		6CCCEFEE1B5EC1750052FFF4 /* WeightTrackerTests.swift in Sources */ = {isa = PBXBuildFile; fileRef = 6CCCEFED1B5EC1750052FFF4 /* WeightTrackerTests.swift */; };
		6CCCEFF81B5EC7C40052FFF4 /* EnterWeightViewController.swift in Sources */ = {isa = PBXBuildFile; fileRef = 6CCCEFF71B5EC7C40052FFF4 /* EnterWeightViewController.swift */; };
/* End PBXBuildFile section */

/* Begin PBXContainerItemProxy section */
		6CCCEFE81B5EC1750052FFF4 /* PBXContainerItemProxy */ = {
			isa = PBXContainerItemProxy;
			containerPortal = 6CCCEFCA1B5EC1750052FFF4 /* Project object */;
			proxyType = 1;
			remoteGlobalIDString = 6CCCEFD11B5EC1750052FFF4;
			remoteInfo = WeightTracker;
		};
/* End PBXContainerItemProxy section */

/* Begin PBXFileReference section */
		6CCCEFD21B5EC1750052FFF4 /* WeightTracker.app */ = {isa = PBXFileReference; explicitFileType = wrapper.application; includeInIndex = 0; path = WeightTracker.app; sourceTree = BUILT_PRODUCTS_DIR; };
		6CCCEFD61B5EC1750052FFF4 /* Info.plist */ = {isa = PBXFileReference; lastKnownFileType = text.plist.xml; path = Info.plist; sourceTree = "<group>"; };
		6CCCEFD71B5EC1750052FFF4 /* AppDelegate.swift */ = {isa = PBXFileReference; lastKnownFileType = sourcecode.swift; path = AppDelegate.swift; sourceTree = "<group>"; };
		6CCCEFD91B5EC1750052FFF4 /* ViewController.swift */ = {isa = PBXFileReference; lastKnownFileType = sourcecode.swift; path = ViewController.swift; sourceTree = "<group>"; };
		6CCCEFDC1B5EC1750052FFF4 /* Base */ = {isa = PBXFileReference; lastKnownFileType = file.storyboard; name = Base; path = Base.lproj/Main.storyboard; sourceTree = "<group>"; };
		6CCCEFDE1B5EC1750052FFF4 /* Images.xcassets */ = {isa = PBXFileReference; lastKnownFileType = folder.assetcatalog; path = Images.xcassets; sourceTree = "<group>"; };
		6CCCEFE11B5EC1750052FFF4 /* Base */ = {isa = PBXFileReference; lastKnownFileType = file.xib; name = Base; path = Base.lproj/LaunchScreen.xib; sourceTree = "<group>"; };
		6CCCEFE71B5EC1750052FFF4 /* WeightTrackerTests.xctest */ = {isa = PBXFileReference; explicitFileType = wrapper.cfbundle; includeInIndex = 0; path = WeightTrackerTests.xctest; sourceTree = BUILT_PRODUCTS_DIR; };
		6CCCEFEC1B5EC1750052FFF4 /* Info.plist */ = {isa = PBXFileReference; lastKnownFileType = text.plist.xml; path = Info.plist; sourceTree = "<group>"; };
		6CCCEFED1B5EC1750052FFF4 /* WeightTrackerTests.swift */ = {isa = PBXFileReference; lastKnownFileType = sourcecode.swift; path = WeightTrackerTests.swift; sourceTree = "<group>"; };
		6CCCEFF71B5EC7C40052FFF4 /* EnterWeightViewController.swift */ = {isa = PBXFileReference; fileEncoding = 4; lastKnownFileType = sourcecode.swift; path = EnterWeightViewController.swift; sourceTree = "<group>"; };
/* End PBXFileReference section */

/* Begin PBXFrameworksBuildPhase section */
		6CCCEFCF1B5EC1750052FFF4 /* Frameworks */ = {
			isa = PBXFrameworksBuildPhase;
			buildActionMask = 2147483647;
			files = (
			);
			runOnlyForDeploymentPostprocessing = 0;
		};
		6CCCEFE41B5EC1750052FFF4 /* Frameworks */ = {
			isa = PBXFrameworksBuildPhase;
			buildActionMask = 2147483647;
			files = (
			);
			runOnlyForDeploymentPostprocessing = 0;
		};
/* End PBXFrameworksBuildPhase section */

/* Begin PBXGroup section */
		6CCCEFC91B5EC1750052FFF4 = {
			isa = PBXGroup;
			children = (
				6CCCEFD41B5EC1750052FFF4 /* WeightTracker */,
				6CCCEFEA1B5EC1750052FFF4 /* WeightTrackerTests */,
				6CCCEFD31B5EC1750052FFF4 /* Products */,
			);
			sourceTree = "<group>";
		};
		6CCCEFD31B5EC1750052FFF4 /* Products */ = {
			isa = PBXGroup;
			children = (
				6CCCEFD21B5EC1750052FFF4 /* WeightTracker.app */,
				6CCCEFE71B5EC1750052FFF4 /* WeightTrackerTests.xctest */,
			);
			name = Products;
			sourceTree = "<group>";
		};
		6CCCEFD41B5EC1750052FFF4 /* WeightTracker */ = {
			isa = PBXGroup;
			children = (
				6CCCEFD71B5EC1750052FFF4 /* AppDelegate.swift */,
				6CCCEFD91B5EC1750052FFF4 /* ViewController.swift */,
				6CCCEFF71B5EC7C40052FFF4 /* EnterWeightViewController.swift */,
				6CCCEFDB1B5EC1750052FFF4 /* Main.storyboard */,
				6CCCEFDE1B5EC1750052FFF4 /* Images.xcassets */,
				6CCCEFE01B5EC1750052FFF4 /* LaunchScreen.xib */,
				6CCCEFD51B5EC1750052FFF4 /* Supporting Files */,
			);
			path = WeightTracker;
			sourceTree = "<group>";
		};
		6CCCEFD51B5EC1750052FFF4 /* Supporting Files */ = {
			isa = PBXGroup;
			children = (
				6CCCEFD61B5EC1750052FFF4 /* Info.plist */,
			);
			name = "Supporting Files";
			sourceTree = "<group>";
		};
		6CCCEFEA1B5EC1750052FFF4 /* WeightTrackerTests */ = {
			isa = PBXGroup;
			children = (
				6CCCEFED1B5EC1750052FFF4 /* WeightTrackerTests.swift */,
				6CCCEFEB1B5EC1750052FFF4 /* Supporting Files */,
			);
			path = WeightTrackerTests;
			sourceTree = "<group>";
		};
		6CCCEFEB1B5EC1750052FFF4 /* Supporting Files */ = {
			isa = PBXGroup;
			children = (
				6CCCEFEC1B5EC1750052FFF4 /* Info.plist */,
			);
			name = "Supporting Files";
			sourceTree = "<group>";
		};
/* End PBXGroup section */

/* Begin PBXNativeTarget section */
		6CCCEFD11B5EC1750052FFF4 /* WeightTracker */ = {
			isa = PBXNativeTarget;
			buildConfigurationList = 6CCCEFF11B5EC1750052FFF4 /* Build configuration list for PBXNativeTarget "WeightTracker" */;
			buildPhases = (
				6CCCEFCE1B5EC1750052FFF4 /* Sources */,
				6CCCEFCF1B5EC1750052FFF4 /* Frameworks */,
				6CCCEFD01B5EC1750052FFF4 /* Resources */,
			);
			buildRules = (
			);
			dependencies = (
			);
			name = WeightTracker;
			productName = WeightTracker;
			productReference = 6CCCEFD21B5EC1750052FFF4 /* WeightTracker.app */;
			productType = "com.apple.product-type.application";
		};
		6CCCEFE61B5EC1750052FFF4 /* WeightTrackerTests */ = {
			isa = PBXNativeTarget;
			buildConfigurationList = 6CCCEFF41B5EC1750052FFF4 /* Build configuration list for PBXNativeTarget "WeightTrackerTests" */;
			buildPhases = (
				6CCCEFE31B5EC1750052FFF4 /* Sources */,
				6CCCEFE41B5EC1750052FFF4 /* Frameworks */,
				6CCCEFE51B5EC1750052FFF4 /* Resources */,
			);
			buildRules = (
			);
			dependencies = (
				6CCCEFE91B5EC1750052FFF4 /* PBXTargetDependency */,
			);
			name = WeightTrackerTests;
			productName = WeightTrackerTests;
			productReference = 6CCCEFE71B5EC1750052FFF4 /* WeightTrackerTests.xctest */;
			productType = "com.apple.product-type.bundle.unit-test";
		};
/* End PBXNativeTarget section */

/* Begin PBXProject section */
		6CCCEFCA1B5EC1750052FFF4 /* Project object */ = {
			isa = PBXProject;
			attributes = {
				LastUpgradeCheck = 0640;
				ORGANIZATIONNAME = "Touchopia LLC";
				TargetAttributes = {
					6CCCEFD11B5EC1750052FFF4 = {
						CreatedOnToolsVersion = 6.4;
					};
					6CCCEFE61B5EC1750052FFF4 = {
						CreatedOnToolsVersion = 6.4;
						TestTargetID = 6CCCEFD11B5EC1750052FFF4;
					};
				};
			};
			buildConfigurationList = 6CCCEFCD1B5EC1750052FFF4 /* Build configuration list for PBXProject "WeightTracker" */;
			compatibilityVersion = "Xcode 3.2";
			developmentRegion = English;
			hasScannedForEncodings = 0;
			knownRegions = (
				en,
				Base,
			);
			mainGroup = 6CCCEFC91B5EC1750052FFF4;
			productRefGroup = 6CCCEFD31B5EC1750052FFF4 /* Products */;
			projectDirPath = "";
			projectRoot = "";
			targets = (
				6CCCEFD11B5EC1750052FFF4 /* WeightTracker */,
				6CCCEFE61B5EC1750052FFF4 /* WeightTrackerTests */,
			);
		};
/* End PBXProject section */

/* Begin PBXResourcesBuildPhase section */
		6CCCEFD01B5EC1750052FFF4 /* Resources */ = {
			isa = PBXResourcesBuildPhase;
			buildActionMask = 2147483647;
			files = (
				6CCCEFDD1B5EC1750052FFF4 /* Main.storyboard in Resources */,
				6CCCEFE21B5EC1750052FFF4 /* LaunchScreen.xib in Resources */,
				6CCCEFDF1B5EC1750052FFF4 /* Images.xcassets in Resources */,
			);
			runOnlyForDeploymentPostprocessing = 0;
		};
		6CCCEFE51B5EC1750052FFF4 /* Resources */ = {
			isa = PBXResourcesBuildPhase;
			buildActionMask = 2147483647;
			files = (
			);
			runOnlyForDeploymentPostprocessing = 0;
		};
/* End PBXResourcesBuildPhase section */

/* Begin PBXSourcesBuildPhase section */
		6CCCEFCE1B5EC1750052FFF4 /* Sources */ = {
			isa = PBXSourcesBuildPhase;
			buildActionMask = 2147483647;
			files = (
				6CCCEFDA1B5EC1750052FFF4 /* ViewController.swift in Sources */,
				6CCCEFF81B5EC7C40052FFF4 /* EnterWeightViewController.swift in Sources */,
				6CCCEFD81B5EC1750052FFF4 /* AppDelegate.swift in Sources */,
			);
			runOnlyForDeploymentPostprocessing = 0;
		};
		6CCCEFE31B5EC1750052FFF4 /* Sources */ = {
			isa = PBXSourcesBuildPhase;
			buildActionMask = 2147483647;
			files = (
				6CCCEFEE1B5EC1750052FFF4 /* WeightTrackerTests.swift in Sources */,
			);
			runOnlyForDeploymentPostprocessing = 0;
		};
/* End PBXSourcesBuildPhase section */

/* Begin PBXTargetDependency section */
		6CCCEFE91B5EC1750052FFF4 /* PBXTargetDependency */ = {
			isa = PBXTargetDependency;
			target = 6CCCEFD11B5EC1750052FFF4 /* WeightTracker */;
			targetProxy = 6CCCEFE81B5EC1750052FFF4 /* PBXContainerItemProxy */;
		};
/* End PBXTargetDependency section */

/* Begin PBXVariantGroup section */
		6CCCEFDB1B5EC1750052FFF4 /* Main.storyboard */ = {
			isa = PBXVariantGroup;
			children = (
				6CCCEFDC1B5EC1750052FFF4 /* Base */,
			);
			name = Main.storyboard;
			sourceTree = "<group>";
		};
		6CCCEFE01B5EC1750052FFF4 /* LaunchScreen.xib */ = {
			isa = PBXVariantGroup;
			children = (
				6CCCEFE11B5EC1750052FFF4 /* Base */,
			);
			name = LaunchScreen.xib;
			sourceTree = "<group>";
		};
/* End PBXVariantGroup section */

/* Begin XCBuildConfiguration section */
		6CCCEFEF1B5EC1750052FFF4 /* Debug */ = {
			isa = XCBuildConfiguration;
			buildSettings = {
				ALWAYS_SEARCH_USER_PATHS = NO;
				CLANG_CXX_LANGUAGE_STANDARD = "gnu++0x";
				CLANG_CXX_LIBRARY = "libc++";
				CLANG_ENABLE_MODULES = YES;
				CLANG_ENABLE_OBJC_ARC = YES;
				CLANG_WARN_BOOL_CONVERSION = YES;
				CLANG_WARN_CONSTANT_CONVERSION = YES;
				CLANG_WARN_DIRECT_OBJC_ISA_USAGE = YES_ERROR;
				CLANG_WARN_EMPTY_BODY = YES;
				CLANG_WARN_ENUM_CONVERSION = YES;
				CLANG_WARN_INT_CONVERSION = YES;
				CLANG_WARN_OBJC_ROOT_CLASS = YES_ERROR;
				CLANG_WARN_UNREACHABLE_CODE = YES;
				CLANG_WARN__DUPLICATE_METHOD_MATCH = YES;
				"CODE_SIGN_IDENTITY[sdk=iphoneos*]" = "iPhone Developer";
				COPY_PHASE_STRIP = NO;
				DEBUG_INFORMATION_FORMAT = "dwarf-with-dsym";
				ENABLE_STRICT_OBJC_MSGSEND = YES;
				GCC_C_LANGUAGE_STANDARD = gnu99;
				GCC_DYNAMIC_NO_PIC = NO;
				GCC_NO_COMMON_BLOCKS = YES;
				GCC_OPTIMIZATION_LEVEL = 0;
				GCC_PREPROCESSOR_DEFINITIONS = (
					"DEBUG=1",
					"$(inherited)",
				);
				GCC_SYMBOLS_PRIVATE_EXTERN = NO;
				GCC_WARN_64_TO_32_BIT_CONVERSION = YES;
				GCC_WARN_ABOUT_RETURN_TYPE = YES_ERROR;
				GCC_WARN_UNDECLARED_SELECTOR = YES;
				GCC_WARN_UNINITIALIZED_AUTOS = YES_AGGRESSIVE;
				GCC_WARN_UNUSED_FUNCTION = YES;
				GCC_WARN_UNUSED_VARIABLE = YES;
				IPHONEOS_DEPLOYMENT_TARGET = 8.4;
				MTL_ENABLE_DEBUG_INFO = YES;
				ONLY_ACTIVE_ARCH = YES;
				SDKROOT = iphoneos;
				SWIFT_OPTIMIZATION_LEVEL = "-Onone";
			};
			name = Debug;
		};
		6CCCEFF01B5EC1750052FFF4 /* Release */ = {
			isa = XCBuildConfiguration;
			buildSettings = {
				ALWAYS_SEARCH_USER_PATHS = NO;
				CLANG_CXX_LANGUAGE_STANDARD = "gnu++0x";
				CLANG_CXX_LIBRARY = "libc++";
				CLANG_ENABLE_MODULES = YES;
				CLANG_ENABLE_OBJC_ARC = YES;
				CLANG_WARN_BOOL_CONVERSION = YES;
				CLANG_WARN_CONSTANT_CONVERSION = YES;
				CLANG_WARN_DIRECT_OBJC_ISA_USAGE = YES_ERROR;
				CLANG_WARN_EMPTY_BODY = YES;
				CLANG_WARN_ENUM_CONVERSION = YES;
				CLANG_WARN_INT_CONVERSION = YES;
				CLANG_WARN_OBJC_ROOT_CLASS = YES_ERROR;
				CLANG_WARN_UNREACHABLE_CODE = YES;
				CLANG_WARN__DUPLICATE_METHOD_MATCH = YES;
				"CODE_SIGN_IDENTITY[sdk=iphoneos*]" = "iPhone Developer";
				COPY_PHASE_STRIP = NO;
				DEBUG_INFORMATION_FORMAT = "dwarf-with-dsym";
				ENABLE_NS_ASSERTIONS = NO;
				ENABLE_STRICT_OBJC_MSGSEND = YES;
				GCC_C_LANGUAGE_STANDARD = gnu99;
				GCC_NO_COMMON_BLOCKS = YES;
				GCC_WARN_64_TO_32_BIT_CONVERSION = YES;
				GCC_WARN_ABOUT_RETURN_TYPE = YES_ERROR;
				GCC_WARN_UNDECLARED_SELECTOR = YES;
				GCC_WARN_UNINITIALIZED_AUTOS = YES_AGGRESSIVE;
				GCC_WARN_UNUSED_FUNCTION = YES;
				GCC_WARN_UNUSED_VARIABLE = YES;
				IPHONEOS_DEPLOYMENT_TARGET = 8.4;
				MTL_ENABLE_DEBUG_INFO = NO;
				SDKROOT = iphoneos;
				VALIDATE_PRODUCT = YES;
			};
			name = Release;
		};
		6CCCEFF21B5EC1750052FFF4 /* Debug */ = {
			isa = XCBuildConfiguration;
			buildSettings = {
				ASSETCATALOG_COMPILER_APPICON_NAME = AppIcon;
				INFOPLIST_FILE = WeightTracker/Info.plist;
				LD_RUNPATH_SEARCH_PATHS = "$(inherited) @executable_path/Frameworks";
				PRODUCT_NAME = "$(TARGET_NAME)";
			};
			name = Debug;
		};
		6CCCEFF31B5EC1750052FFF4 /* Release */ = {
			isa = XCBuildConfiguration;
			buildSettings = {
				ASSETCATALOG_COMPILER_APPICON_NAME = AppIcon;
				INFOPLIST_FILE = WeightTracker/Info.plist;
				LD_RUNPATH_SEARCH_PATHS = "$(inherited) @executable_path/Frameworks";
				PRODUCT_NAME = "$(TARGET_NAME)";
			};
			name = Release;
		};
		6CCCEFF51B5EC1750052FFF4 /* Debug */ = {
			isa = XCBuildConfiguration;
			buildSettings = {
				BUNDLE_LOADER = "$(TEST_HOST)";
				FRAMEWORK_SEARCH_PATHS = (
					"$(SDKROOT)/Developer/Library/Frameworks",
					"$(inherited)",
				);
				GCC_PREPROCESSOR_DEFINITIONS = (
					"DEBUG=1",
					"$(inherited)",
				);
				INFOPLIST_FILE = WeightTrackerTests/Info.plist;
				LD_RUNPATH_SEARCH_PATHS = "$(inherited) @executable_path/Frameworks @loader_path/Frameworks";
				PRODUCT_NAME = "$(TARGET_NAME)";
				TEST_HOST = "$(BUILT_PRODUCTS_DIR)/WeightTracker.app/WeightTracker";
			};
			name = Debug;
		};
		6CCCEFF61B5EC1750052FFF4 /* Release */ = {
			isa = XCBuildConfiguration;
			buildSettings = {
				BUNDLE_LOADER = "$(TEST_HOST)";
				FRAMEWORK_SEARCH_PATHS = (
					"$(SDKROOT)/Developer/Library/Frameworks",
					"$(inherited)",
				);
				INFOPLIST_FILE = WeightTrackerTests/Info.plist;
				LD_RUNPATH_SEARCH_PATHS = "$(inherited) @executable_path/Frameworks @loader_path/Frameworks";
				PRODUCT_NAME = "$(TARGET_NAME)";
				TEST_HOST = "$(BUILT_PRODUCTS_DIR)/WeightTracker.app/WeightTracker";
			};
			name = Release;
		};
/* End XCBuildConfiguration section */

/* Begin XCConfigurationList section */
		6CCCEFCD1B5EC1750052FFF4 /* Build configuration list for PBXProject "WeightTracker" */ = {
			isa = XCConfigurationList;
			buildConfigurations = (
				6CCCEFEF1B5EC1750052FFF4 /* Debug */,
				6CCCEFF01B5EC1750052FFF4 /* Release */,
			);
			defaultConfigurationIsVisible = 0;
			defaultConfigurationName = Release;
		};
		6CCCEFF11B5EC1750052FFF4 /* Build configuration list for PBXNativeTarget "WeightTracker" */ = {
			isa = XCConfigurationList;
			buildConfigurations = (
				6CCCEFF21B5EC1750052FFF4 /* Debug */,
				6CCCEFF31B5EC1750052FFF4 /* Release */,
			);
			defaultConfigurationIsVisible = 0;
		};
		6CCCEFF41B5EC1750052FFF4 /* Build configuration list for PBXNativeTarget "WeightTrackerTests" */ = {
			isa = XCConfigurationList;
			buildConfigurations = (
				6CCCEFF51B5EC1750052FFF4 /* Debug */,
				6CCCEFF61B5EC1750052FFF4 /* Release */,
			);
			defaultConfigurationIsVisible = 0;
		};
/* End XCConfigurationList section */
	};
	rootObject = 6CCCEFCA1B5EC1750052FFF4 /* Project object */;
}
